
Microsoft Visual Studio Solution File, Format Version 12.00
Project("{FAE04EC0-301F-11D3-BF4B-00C04F79EFBC}") = "Lesson7.Classes", "Lesson7.Classes\Lesson7.Classes.csproj", "{BBCE109E-3ABF-4353-9749-35B83437044D}"
EndProject
Global
	GlobalSection(SolutionConfigurationPlatforms) = preSolution
		Debug|Any CPU = Debug|Any CPU
		Release|Any CPU = Release|Any CPU
	EndGlobalSection
	GlobalSection(ProjectConfigurationPlatforms) = postSolution
		{BBCE109E-3ABF-4353-9749-35B83437044D}.Debug|Any CPU.ActiveCfg = Debug|Any CPU
		{BBCE109E-3ABF-4353-9749-35B83437044D}.Debug|Any CPU.Build.0 = Debug|Any CPU
		{BBCE109E-3ABF-4353-9749-35B83437044D}.Release|Any CPU.ActiveCfg = Release|Any CPU
		{BBCE109E-3ABF-4353-9749-35B83437044D}.Release|Any CPU.Build.0 = Release|Any CPU
	EndGlobalSection
EndGlobal
